
Microsoft Visual Studio Solution File, Format Version 12.00
# Visual Studio Version 16
VisualStudioVersion = 16.0.30611.23
MinimumVisualStudioVersion = 10.0.40219.1
Project("{9A19103F-16F7-4668-BE54-9A1E7A4F7556}") = "Lab5.Data", "Lab5.Data\Lab5.Data.csproj", "{E11C1F82-D07A-4968-BA9B-F9EEEF66AD37}"
EndProject
Project("{9A19103F-16F7-4668-BE54-9A1E7A4F7556}") = "Lab5.DataTest", "Lab5.DataTest\Lab5.DataTest.csproj", "{4310DB93-C8F6-435F-BAC1-8D3EBA1949AA}"
EndProject
Project("{FAE04EC0-301F-11D3-BF4B-00C04F79EFBC}") = "Lab5.UI", "Lab5.UI\Lab5.UI.csproj", "{93AC3E7F-2F5E-46B6-BEC6-FA7125051242}"
EndProject
Global
	GlobalSection(SolutionConfigurationPlatforms) = preSolution
		Debug|Any CPU = Debug|Any CPU
		Release|Any CPU = Release|Any CPU
	EndGlobalSection
	GlobalSection(ProjectConfigurationPlatforms) = postSolution
		{E11C1F82-D07A-4968-BA9B-F9EEEF66AD37}.Debug|Any CPU.ActiveCfg = Debug|Any CPU
		{E11C1F82-D07A-4968-BA9B-F9EEEF66AD37}.Debug|Any CPU.Build.0 = Debug|Any CPU
		{E11C1F82-D07A-4968-BA9B-F9EEEF66AD37}.Release|Any CPU.ActiveCfg = Release|Any CPU
		{E11C1F82-D07A-4968-BA9B-F9EEEF66AD37}.Release|Any CPU.Build.0 = Release|Any CPU
		{4310DB93-C8F6-435F-BAC1-8D3EBA1949AA}.Debug|Any CPU.ActiveCfg = Debug|Any CPU
		{4310DB93-C8F6-435F-BAC1-8D3EBA1949AA}.Debug|Any CPU.Build.0 = Debug|Any CPU
		{4310DB93-C8F6-435F-BAC1-8D3EBA1949AA}.Release|Any CPU.ActiveCfg = Release|Any CPU
		{4310DB93-C8F6-435F-BAC1-8D3EBA1949AA}.Release|Any CPU.Build.0 = Release|Any CPU
		{93AC3E7F-2F5E-46B6-BEC6-FA7125051242}.Debug|Any CPU.ActiveCfg = Debug|Any CPU
		{93AC3E7F-2F5E-46B6-BEC6-FA7125051242}.Debug|Any CPU.Build.0 = Debug|Any CPU
		{93AC3E7F-2F5E-46B6-BEC6-FA7125051242}.Release|Any CPU.ActiveCfg = Release|Any CPU
		{93AC3E7F-2F5E-46B6-BEC6-FA7125051242}.Release|Any CPU.Build.0 = Release|Any CPU
	EndGlobalSection
	GlobalSection(SolutionProperties) = preSolution
		HideSolutionNode = FALSE
	EndGlobalSection
	GlobalSection(ExtensibilityGlobals) = postSolution
		SolutionGuid = {E8B5BFEC-30D0-469D-A670-73E1C8476F24}
	EndGlobalSection
EndGlobal
